
Microsoft Visual Studio Solution File, Format Version 12.00
# Visual Studio Version 17
VisualStudioVersion = 17.9.34723.18
MinimumVisualStudioVersion = 10.0.40219.1
Project("{E53339B2-1760-4266-BCC7-CA923CBCF16C}") = "docker-compose", "docker-compose.dcproj", "{665646AB-AB76-4FB9-85F2-96680D0346A0}"
EndProject
Project("{FAE04EC0-301F-11D3-BF4B-00C04F79EFBC}") = "SenderAPI", "SenderAPI\SenderAPI.csproj", "{23E16D63-690E-4EB6-963A-48FAFF5D01CC}"
EndProject
Project("{FAE04EC0-301F-11D3-BF4B-00C04F79EFBC}") = "TransitService", "TransitService\TransitService.csproj", "{C5090115-9E35-4122-8FFC-9E6DACFDFD76}"
EndProject
Project("{FAE04EC0-301F-11D3-BF4B-00C04F79EFBC}") = "ReceiverAPI", "ReceiverAPI\ReceiverAPI.csproj", "{7FD9CB09-9379-4F9F-B1B6-8344CED4A614}"
EndProject
Global
	GlobalSection(SolutionConfigurationPlatforms) = preSolution
		Debug|Any CPU = Debug|Any CPU
		Release|Any CPU = Release|Any CPU
	EndGlobalSection
	GlobalSection(ProjectConfigurationPlatforms) = postSolution
		{665646AB-AB76-4FB9-85F2-96680D0346A0}.Debug|Any CPU.ActiveCfg = Debug|Any CPU
		{665646AB-AB76-4FB9-85F2-96680D0346A0}.Debug|Any CPU.Build.0 = Debug|Any CPU
		{665646AB-AB76-4FB9-85F2-96680D0346A0}.Release|Any CPU.ActiveCfg = Release|Any CPU
		{665646AB-AB76-4FB9-85F2-96680D0346A0}.Release|Any CPU.Build.0 = Release|Any CPU
		{23E16D63-690E-4EB6-963A-48FAFF5D01CC}.Debug|Any CPU.ActiveCfg = Debug|Any CPU
		{23E16D63-690E-4EB6-963A-48FAFF5D01CC}.Debug|Any CPU.Build.0 = Debug|Any CPU
		{23E16D63-690E-4EB6-963A-48FAFF5D01CC}.Release|Any CPU.ActiveCfg = Release|Any CPU
		{23E16D63-690E-4EB6-963A-48FAFF5D01CC}.Release|Any CPU.Build.0 = Release|Any CPU
		{C5090115-9E35-4122-8FFC-9E6DACFDFD76}.Debug|Any CPU.ActiveCfg = Debug|Any CPU
		{C5090115-9E35-4122-8FFC-9E6DACFDFD76}.Debug|Any CPU.Build.0 = Debug|Any CPU
		{C5090115-9E35-4122-8FFC-9E6DACFDFD76}.Release|Any CPU.ActiveCfg = Release|Any CPU
		{C5090115-9E35-4122-8FFC-9E6DACFDFD76}.Release|Any CPU.Build.0 = Release|Any CPU
		{7FD9CB09-9379-4F9F-B1B6-8344CED4A614}.Debug|Any CPU.ActiveCfg = Debug|Any CPU
		{7FD9CB09-9379-4F9F-B1B6-8344CED4A614}.Debug|Any CPU.Build.0 = Debug|Any CPU
		{7FD9CB09-9379-4F9F-B1B6-8344CED4A614}.Release|Any CPU.ActiveCfg = Release|Any CPU
		{7FD9CB09-9379-4F9F-B1B6-8344CED4A614}.Release|Any CPU.Build.0 = Release|Any CPU
	EndGlobalSection
	GlobalSection(SolutionProperties) = preSolution
		HideSolutionNode = FALSE
	EndGlobalSection
	GlobalSection(ExtensibilityGlobals) = postSolution
		SolutionGuid = {C99473E6-D6EB-487F-BB2E-1A4BA115255C}
	EndGlobalSection
EndGlobal
